{
  "name": "@jrc03c/make-key",
  "version": "0.0.5",
  "lockfileVersion": 2,
  "requires": true,
  "packages": {
    "": {
      "name": "@jrc03c/make-key",
      "version": "0.0.5",
      "license": "ISC",
      "dependencies": {
        "@jrc03c/js-math-tools": "github:jrc03c/js-math-tools"
      },
      "bin": {
        "key": "bin.js",
        "makeKey": "bin.js"
      }
    },
    "node_modules/@jrc03c/js-math-tools": {
      "version": "0.0.8",
      "resolved": "git+ssh://git@github.com/jrc03c/js-math-tools.git#c7e8ee33c7c8920b4576ff211f9bcd857709d79a",
      "license": "ISC"
    }
  },
  "dependencies": {
    "@jrc03c/js-math-tools": {
      "version": "git+ssh://git@github.com/jrc03c/js-math-tools.git#c7e8ee33c7c8920b4576ff211f9bcd857709d79a",
      "from": "@jrc03c/js-math-tools@github:jrc03c/js-math-tools"
    }
  }
}
