{
  "name": "make-key",
  "version": "1.0.0",
  "lockfileVersion": 2,
  "requires": true,
  "packages": {
    "": {
      "version": "1.0.0",
      "license": "ISC",
      "dependencies": {
        "js-math-tools": "github:jrc03c/js-math-tools"
      },
      "bin": {
        "key": "bin.js",
        "makeKey": "bin.js"
      }
    },
    "node_modules/js-math-tools": {
      "version": "0.0.1",
      "resolved": "git+ssh://git@github.com/jrc03c/js-math-tools.git#0443602ea0f5f0f51cb49a8d1f3178ad710c2fa7"
    }
  },
  "dependencies": {
    "js-math-tools": {
      "version": "git+ssh://git@github.com/jrc03c/js-math-tools.git#0443602ea0f5f0f51cb49a8d1f3178ad710c2fa7",
      "from": "js-math-tools@github:jrc03c/js-math-tools"
    }
  }
}
